Microsoft Visual Studio Solution File, Format Version 12.00
# Visual Studio Version 17
VisualStudioVersion = 17.5.2.0
MinimumVisualStudioVersion = 10.0.40219.1
Project("{FAE04EC0-301F-11D3-BF4B-00C04F79EFBC}") = "LCS_HR_MVC", "LCS_HR_MVC.csproj", "{497AE189-3D80-FC93-BAFD-D643B85CA3D8}"
EndProject
Project("{FAE04EC0-301F-11D3-BF4B-00C04F79EFBC}") = "dbtest", "dbtest\dbtest.csproj", "{415DFA00-450B-897D-A776-6D5CCFDA841B}"
EndProject
Global
	GlobalSection(SolutionConfigurationPlatforms) = preSolution
		Debug|Any CPU = Debug|Any CPU
		Release|Any CPU = Release|Any CPU
	EndGlobalSection
	GlobalSection(ProjectConfigurationPlatforms) = postSolution
		{497AE189-3D80-FC93-BAFD-D643B85CA3D8}.Debug|Any CPU.ActiveCfg = Debug|Any CPU
		{497AE189-3D80-FC93-BAFD-D643B85CA3D8}.Debug|Any CPU.Build.0 = Debug|Any CPU
		{497AE189-3D80-FC93-BAFD-D643B85CA3D8}.Release|Any CPU.ActiveCfg = Release|Any CPU
		{497AE189-3D80-FC93-BAFD-D643B85CA3D8}.Release|Any CPU.Build.0 = Release|Any CPU
		{415DFA00-450B-897D-A776-6D5CCFDA841B}.Debug|Any CPU.ActiveCfg = Debug|Any CPU
		{415DFA00-450B-897D-A776-6D5CCFDA841B}.Debug|Any CPU.Build.0 = Debug|Any CPU
		{415DFA00-450B-897D-A776-6D5CCFDA841B}.Release|Any CPU.ActiveCfg = Release|Any CPU
		{415DFA00-450B-897D-A776-6D5CCFDA841B}.Release|Any CPU.Build.0 = Release|Any CPU
	EndGlobalSection
	GlobalSection(SolutionProperties) = preSolution
		HideSolutionNode = FALSE
	EndGlobalSection
	GlobalSection(ExtensibilityGlobals) = postSolution
		SolutionGuid = {D75EFE41-09A7-4091-8030-D5F9929982F4}
	EndGlobalSection
EndGlobal
